Microsoft Visual Studio Solution File, Format Version 12.00
# Visual Studio 2012
Project("{FAE04EC0-301F-11D3-BF4B-00C04F79EFBC}") = "OpenSBX", "OpenSBX.csproj", "{30D24D09-739A-4116-86C3-187CCFF8221D}"
EndProject
Global
	GlobalSection(SolutionConfigurationPlatforms) = preSolution
	Debug|Any CPU = Debug|Any CPU
	ExportDebug|Any CPU = ExportDebug|Any CPU
	ExportRelease|Any CPU = ExportRelease|Any CPU
	EndGlobalSection
	GlobalSection(ProjectConfigurationPlatforms) = postSolution
		{30D24D09-739A-4116-86C3-187CCFF8221D}.Debug|Any CPU.ActiveCfg = Debug|Any CPU
		{30D24D09-739A-4116-86C3-187CCFF8221D}.Debug|Any CPU.Build.0 = Debug|Any CPU
		{30D24D09-739A-4116-86C3-187CCFF8221D}.ExportDebug|Any CPU.ActiveCfg = ExportDebug|Any CPU
		{30D24D09-739A-4116-86C3-187CCFF8221D}.ExportDebug|Any CPU.Build.0 = ExportDebug|Any CPU
		{30D24D09-739A-4116-86C3-187CCFF8221D}.ExportRelease|Any CPU.ActiveCfg = ExportRelease|Any CPU
		{30D24D09-739A-4116-86C3-187CCFF8221D}.ExportRelease|Any CPU.Build.0 = ExportRelease|Any CPU
	EndGlobalSection
EndGlobal
