
Microsoft Visual Studio Solution File, Format Version 12.00
# Visual Studio Version 17
VisualStudioVersion = 17.5.33502.453
MinimumVisualStudioVersion = 10.0.40219.1
Project("{9A19103F-16F7-4668-BE54-9A1E7A4F7556}") = "Sunaba", "Sunaba.csproj", "{060DD974-EF7A-45FC-9FC2-00BB4A745F98}"
EndProject
Global
	GlobalSection(SolutionConfigurationPlatforms) = preSolution
		Debug|Any CPU = Debug|Any CPU
		ExportDebug|Any CPU = ExportDebug|Any CPU
		ExportRelease|Any CPU = ExportRelease|Any CPU
	EndGlobalSection
	GlobalSection(ProjectConfigurationPlatforms) = postSolution
		{060DD974-EF7A-45FC-9FC2-00BB4A745F98}.Debug|Any CPU.ActiveCfg = Debug|Any CPU
		{060DD974-EF7A-45FC-9FC2-00BB4A745F98}.Debug|Any CPU.Build.0 = Debug|Any CPU
		{060DD974-EF7A-45FC-9FC2-00BB4A745F98}.ExportDebug|Any CPU.ActiveCfg = ExportDebug|Any CPU
		{060DD974-EF7A-45FC-9FC2-00BB4A745F98}.ExportDebug|Any CPU.Build.0 = ExportDebug|Any CPU
		{060DD974-EF7A-45FC-9FC2-00BB4A745F98}.ExportRelease|Any CPU.ActiveCfg = ExportRelease|Any CPU
		{060DD974-EF7A-45FC-9FC2-00BB4A745F98}.ExportRelease|Any CPU.Build.0 = ExportRelease|Any CPU
	EndGlobalSection
	GlobalSection(SolutionProperties) = preSolution
		HideSolutionNode = FALSE
	EndGlobalSection
EndGlobal
