Microsoft Visual Studio Solution File, Format Version 12.00
# Visual Studio 2012
Project("{FAE04EC0-301F-11D3-BF4B-00C04F79EFBC}") = "Sunaba", "Sunaba.csproj", "{A5E949EB-974B-474D-B855-6BA070E4E712}"
EndProject
Global
	GlobalSection(SolutionConfigurationPlatforms) = preSolution
	Debug|Any CPU = Debug|Any CPU
	ExportDebug|Any CPU = ExportDebug|Any CPU
	ExportRelease|Any CPU = ExportRelease|Any CPU
	EndGlobalSection
	GlobalSection(ProjectConfigurationPlatforms) = postSolution
		{A5E949EB-974B-474D-B855-6BA070E4E712}.Debug|Any CPU.ActiveCfg = Debug|Any CPU
		{A5E949EB-974B-474D-B855-6BA070E4E712}.Debug|Any CPU.Build.0 = Debug|Any CPU
		{A5E949EB-974B-474D-B855-6BA070E4E712}.ExportDebug|Any CPU.ActiveCfg = ExportDebug|Any CPU
		{A5E949EB-974B-474D-B855-6BA070E4E712}.ExportDebug|Any CPU.Build.0 = ExportDebug|Any CPU
		{A5E949EB-974B-474D-B855-6BA070E4E712}.ExportRelease|Any CPU.ActiveCfg = ExportRelease|Any CPU
		{A5E949EB-974B-474D-B855-6BA070E4E712}.ExportRelease|Any CPU.Build.0 = ExportRelease|Any CPU
	EndGlobalSection
EndGlobal
